
Microsoft Visual Studio Solution File, Format Version 12.00
# Visual Studio 14
VisualStudioVersion = 14.0.25420.1
MinimumVisualStudioVersion = 10.0.40219.1
Project("{FAE04EC0-301F-11D3-BF4B-00C04F79EFBC}") = "GoogleGeolocationApp", "GoogleGeolocationApp\GoogleGeolocationApp.csproj", "{ACCECE3E-51A2-4E48-811C-D9493EF5812D}"
EndProject
Global
	GlobalSection(SolutionConfigurationPlatforms) = preSolution
		Debug|Any CPU = Debug|Any CPU
		Release|Any CPU = Release|Any CPU
	EndGlobalSection
	GlobalSection(ProjectConfigurationPlatforms) = postSolution
		{ACCECE3E-51A2-4E48-811C-D9493EF5812D}.Debug|Any CPU.ActiveCfg = Debug|Any CPU
		{ACCECE3E-51A2-4E48-811C-D9493EF5812D}.Debug|Any CPU.Build.0 = Debug|Any CPU
		{ACCECE3E-51A2-4E48-811C-D9493EF5812D}.Release|Any CPU.ActiveCfg = Release|Any CPU
		{ACCECE3E-51A2-4E48-811C-D9493EF5812D}.Release|Any CPU.Build.0 = Release|Any CPU
	EndGlobalSection
	GlobalSection(SolutionProperties) = preSolution
		HideSolutionNode = FALSE
	EndGlobalSection
EndGlobal
